PODS:
  - Expecta (0.3.1)
  - FMDB/common (2.4)
  - FMDB/SQLCipher (2.4):
    - FMDB/common
    - SQLCipher
  - Specta (0.2.1)
  - SQLCipher (3.1.0):
    - SQLCipher/standard
  - SQLCipher/common (3.1.0)
  - SQLCipher/standard (3.1.0):
    - SQLCipher/common
  - YSKDB (0.0.2):
    - FMDB/SQLCipher

DEPENDENCIES:
  - Expecta
  - Specta (~> 0.2.1)
  - YSKDB

SPEC CHECKSUMS:
  Expecta: 03aabd0a89d8dea843baecb19a7fd7466a69a31d
  FMDB: 0b2fa25e5264ef177973c0cb8c02c711107979aa
  Specta: 9141310f46b1f68b676650ff2854e1ed0b74163a
  SQLCipher: 981110217eb93c2779c34fb59e646a1c1da918d8
  YSKDB: 51fc31a7627e9fff1e7301c78a30ba305be07c36

COCOAPODS: 0.34.4
